
Microsoft Visual Studio Solution File, Format Version 12.00
# Visual Studio Version 16
VisualStudioVersion = 16.0.30717.126
MinimumVisualStudioVersion = 10.0.40219.1
Project("{9A19103F-16F7-4668-BE54-9A1E7A4F7556}") = "WebApp", "WebApp\WebApp.csproj", "{9C9227B9-D09C-420C-B849-C8A96B905527}"
EndProject
Project("{FAE04EC0-301F-11D3-BF4B-00C04F79EFBC}") = "Models", "Models\Models.csproj", "{695760FC-BB1F-4DDD-9B9D-6D44E6B3873D}"
EndProject
Project("{FAE04EC0-301F-11D3-BF4B-00C04F79EFBC}") = "DataLayer", "DataLayer\DataLayer.csproj", "{1B6EF532-5AC9-4A4A-8ABD-0B094E995615}"
EndProject
Project("{FAE04EC0-301F-11D3-BF4B-00C04F79EFBC}") = "BusinessLayer", "BusinessLayer\BusinessLayer.csproj", "{426EBA37-867C-4FEF-857E-358E5ADACC02}"
EndProject
Project("{2150E333-8FDC-42A3-9474-1A3956D46DE8}") = "Solution Items", "Solution Items", "{8AA4A9FA-EAC7-48E3-856E-1CE5BA36D997}"
	ProjectSection(SolutionItems) = preProject
		build_app.ps1 = build_app.ps1
	EndProjectSection
EndProject
Global
	GlobalSection(SolutionConfigurationPlatforms) = preSolution
		Debug|Any CPU = Debug|Any CPU
		Release|Any CPU = Release|Any CPU
	EndGlobalSection
	GlobalSection(ProjectConfigurationPlatforms) = postSolution
		{9C9227B9-D09C-420C-B849-C8A96B905527}.Debug|Any CPU.ActiveCfg = Debug|Any CPU
		{9C9227B9-D09C-420C-B849-C8A96B905527}.Debug|Any CPU.Build.0 = Debug|Any CPU
		{9C9227B9-D09C-420C-B849-C8A96B905527}.Release|Any CPU.ActiveCfg = Release|Any CPU
		{9C9227B9-D09C-420C-B849-C8A96B905527}.Release|Any CPU.Build.0 = Release|Any CPU
		{695760FC-BB1F-4DDD-9B9D-6D44E6B3873D}.Debug|Any CPU.ActiveCfg = Debug|Any CPU
		{695760FC-BB1F-4DDD-9B9D-6D44E6B3873D}.Debug|Any CPU.Build.0 = Debug|Any CPU
		{695760FC-BB1F-4DDD-9B9D-6D44E6B3873D}.Release|Any CPU.ActiveCfg = Release|Any CPU
		{695760FC-BB1F-4DDD-9B9D-6D44E6B3873D}.Release|Any CPU.Build.0 = Release|Any CPU
		{1B6EF532-5AC9-4A4A-8ABD-0B094E995615}.Debug|Any CPU.ActiveCfg = Debug|Any CPU
		{1B6EF532-5AC9-4A4A-8ABD-0B094E995615}.Debug|Any CPU.Build.0 = Debug|Any CPU
		{1B6EF532-5AC9-4A4A-8ABD-0B094E995615}.Release|Any CPU.ActiveCfg = Release|Any CPU
		{1B6EF532-5AC9-4A4A-8ABD-0B094E995615}.Release|Any CPU.Build.0 = Release|Any CPU
		{426EBA37-867C-4FEF-857E-358E5ADACC02}.Debug|Any CPU.ActiveCfg = Debug|Any CPU
		{426EBA37-867C-4FEF-857E-358E5ADACC02}.Debug|Any CPU.Build.0 = Debug|Any CPU
		{426EBA37-867C-4FEF-857E-358E5ADACC02}.Release|Any CPU.ActiveCfg = Release|Any CPU
		{426EBA37-867C-4FEF-857E-358E5ADACC02}.Release|Any CPU.Build.0 = Release|Any CPU
	EndGlobalSection
	GlobalSection(SolutionProperties) = preSolution
		HideSolutionNode = FALSE
	EndGlobalSection
	GlobalSection(ExtensibilityGlobals) = postSolution
		SolutionGuid = {8EDD67E3-E9D1-44EC-B8BC-D304F6026F8F}
	EndGlobalSection
EndGlobal
